<?xml version="1.0" encoding="utf-8"?>
<Project ToolsVersion="4.0" xmlns="http://schemas.microsoft.com/developer/msbuild/2003">
  <ItemGroup>
    <Filter Include="Source Files">
      <UniqueIdentifier>{f2963a02-a1b0-42f7-ad60-f3bd26dd1f6f}</UniqueIdentifier>
      <Extensions>cpp;c;cxx;def;odl;idl;hpj;bat;asm</Extensions>
    </Filter>
    <Filter Include="Header Files">
      <UniqueIdentifier>{ec232058-0b77-456c-bbc4-38696d1cb6e4}</UniqueIdentifier>
      <Extensions>h;hpp;hxx;hm;inl;inc</Extensions>
    </Filter>
    <Filter Include="Resource Files">
      <UniqueIdentifier>{5c8bb38a-5c5b-4e61-ac94-974de8f22413}</UniqueIdentifier>
      <Extensions>rc;ico;cur;bmp;dlg;rc2;rct;bin;rgs;jpg;jpeg;jpe;manifest</Extensions>
    </Filter>
    <Filter Include="xml">
      <UniqueIdentifier>{76d9d455-c4f8-42a3-992c-caa135924b49}</UniqueIdentifier>
      <Extensions>xml</Extensions>
    </Filter>
  </ItemGroup>
  <ItemGroup>
    <None Include="Readme.txt" />
    <None Include="res\DuiVision3.ico">
      <Filter>Resource Files</Filter>
    </None>
    <None Include="res\DuiVision3.rc2">
      <Filter>Resource Files</Filter>
    </None>
  </ItemGroup>
  <ItemGroup>
    <ClInclude Include="stdafx.h">
      <Filter>Header Files</Filter>
    </ClInclude>
    <ClInclude Include="resource.h">
      <Filter>Header Files</Filter>
    </ClInclude>
    <ClInclude Include="DuiVision3.h">
      <Filter>Header Files</Filter>
    </ClInclude>
    <ClInclude Include="targetver.h">
      <Filter>Header Files</Filter>
    </ClInclude>
    <ClInclude Include="DuiHandlerMain.h">
      <Filter>Header Files</Filter>
    </ClInclude>
    <ClInclude Include="DuiHandlerHome.h">
      <Filter>Header Files</Filter>
    </ClInclude>
    <ClInclude Include="DuiHandlerControl.h">
      <Filter>Header Files</Filter>
    </ClInclude>
    <ClInclude Include="sort1.h">
      <Filter>Header Files</Filter>
    </ClInclude>
    <ClInclude Include="DuiHandlerSelect.h">
      <Filter>Header Files</Filter>
    </ClInclude>
    <ClInclude Include="ceshi.h">
      <Filter>Header Files</Filter>
    </ClInclude>
    <ClInclude Include="DriverLoader.h">
      <Filter>Header Files</Filter>
    </ClInclude>
    <ClInclude Include="LXKeyBoardProtect.h">
      <Filter>Header Files</Filter>
    </ClInclude>
    <ClInclude Include="LXKeyBoardView.h">
      <Filter>Header Files</Filter>
    </ClInclude>
  </ItemGroup>
  <ItemGroup>
    <ClCompile Include="stdafx.cpp">
      <Filter>Source Files</Filter>
    </ClCompile>
    <ClCompile Include="DuiVision3.cpp">
      <Filter>Source Files</Filter>
    </ClCompile>
    <ClCompile Include="DuiHandlerMain.cpp">
      <Filter>Source Files</Filter>
    </ClCompile>
    <ClCompile Include="DuiHandlerHome.cpp">
      <Filter>Source Files</Filter>
    </ClCompile>
    <ClCompile Include="CDuiHandlerSelect.cpp">
      <Filter>Source Files</Filter>
    </ClCompile>
    <ClCompile Include="DuiHandlerControl.cpp">
      <Filter>Source Files</Filter>
    </ClCompile>
    <ClCompile Include="sort1.cpp">
      <Filter>Source Files</Filter>
    </ClCompile>
    <ClCompile Include="DriverLoader.cpp">
      <Filter>Source Files</Filter>
    </ClCompile>
    <ClCompile Include="LXKeyBoardProtect.cpp">
      <Filter>Source Files</Filter>
    </ClCompile>
    <ClCompile Include="LXKeyBoardView.cpp">
      <Filter>Source Files</Filter>
    </ClCompile>
  </ItemGroup>
  <ItemGroup>
    <ResourceCompile Include="DuiVision3.rc">
      <Filter>Resource Files</Filter>
    </ResourceCompile>
  </ItemGroup>
</Project>